
Microsoft Visual Studio Solution File, Format Version 12.00
# Visual Studio 15
VisualStudioVersion = 15.0.28010.2026
MinimumVisualStudioVersion = 10.0.40219.1
Project("{FAE04EC0-301F-11D3-BF4B-00C04F79EFBC}") = "FriendOrganizer.UI", "FriendOrganizer.UI\FriendOrganizer.UI.csproj", "{722EFE27-343E-4012-B11E-99272326837E}"
EndProject
Project("{9A19103F-16F7-4668-BE54-9A1E7A4F7556}") = "FriendOrganizer.DataAccess", "FriendOrganizer.DataAccess\FriendOrganizer.DataAccess.csproj", "{79CDAF57-0B5A-4E5A-8A5F-563E1A99EAD4}"
EndProject
Project("{9A19103F-16F7-4668-BE54-9A1E7A4F7556}") = "FriendOrganizer.Model", "FriendOrganizer.Model\FriendOrganizer.Model.csproj", "{58F9DBD2-1BD7-425C-B061-A705BF3783DD}"
EndProject
Project("{930C7802-8A8C-48F9-8165-68863BCCD9DD}") = "DatabookSetup", "DatabookSetup\DatabookSetup.wixproj", "{387E4C64-2864-4759-AD8D-14F618BC4F63}"
EndProject
Project("{2150E333-8FDC-42A3-9474-1A3956D46DE8}") = "Data", "Data", "{4390DD99-1A80-49E0-AEAF-FBF71D9AEF64}"
	ProjectSection(SolutionItems) = preProject
		C:\Users\denyskom\Desktop\Databook\DB\SSCERuntime_x64-ENU.msi = C:\Users\denyskom\Desktop\Databook\DB\SSCERuntime_x64-ENU.msi
		C:\Users\denyskom\Desktop\Databook\DB\SSCERuntime_x86-ENU.msi = C:\Users\denyskom\Desktop\Databook\DB\SSCERuntime_x86-ENU.msi
	EndProjectSection
EndProject
Project("{930C7802-8A8C-48F9-8165-68863BCCD9DD}") = "DatabookBundle", "DatabookBundle\DatabookBundle.wixproj", "{3A1FBC18-9D11-4B6A-AC15-335305B42902}"
	ProjectSection(ProjectDependencies) = postProject
		{387E4C64-2864-4759-AD8D-14F618BC4F63} = {387E4C64-2864-4759-AD8D-14F618BC4F63}
	EndProjectSection
EndProject
Global
	GlobalSection(SolutionConfigurationPlatforms) = preSolution
		Debug|Any CPU = Debug|Any CPU
		Debug|x86 = Debug|x86
		Release|Any CPU = Release|Any CPU
		Release|x86 = Release|x86
	EndGlobalSection
	GlobalSection(ProjectConfigurationPlatforms) = postSolution
		{722EFE27-343E-4012-B11E-99272326837E}.Debug|Any CPU.ActiveCfg = Debug|Any CPU
		{722EFE27-343E-4012-B11E-99272326837E}.Debug|Any CPU.Build.0 = Debug|Any CPU
		{722EFE27-343E-4012-B11E-99272326837E}.Debug|x86.ActiveCfg = Debug|Any CPU
		{722EFE27-343E-4012-B11E-99272326837E}.Debug|x86.Build.0 = Debug|Any CPU
		{722EFE27-343E-4012-B11E-99272326837E}.Release|Any CPU.ActiveCfg = Release|Any CPU
		{722EFE27-343E-4012-B11E-99272326837E}.Release|Any CPU.Build.0 = Release|Any CPU
		{722EFE27-343E-4012-B11E-99272326837E}.Release|x86.ActiveCfg = Release|Any CPU
		{722EFE27-343E-4012-B11E-99272326837E}.Release|x86.Build.0 = Release|Any CPU
		{79CDAF57-0B5A-4E5A-8A5F-563E1A99EAD4}.Debug|Any CPU.ActiveCfg = Debug|Any CPU
		{79CDAF57-0B5A-4E5A-8A5F-563E1A99EAD4}.Debug|Any CPU.Build.0 = Debug|Any CPU
		{79CDAF57-0B5A-4E5A-8A5F-563E1A99EAD4}.Debug|x86.ActiveCfg = Debug|Any CPU
		{79CDAF57-0B5A-4E5A-8A5F-563E1A99EAD4}.Debug|x86.Build.0 = Debug|Any CPU
		{79CDAF57-0B5A-4E5A-8A5F-563E1A99EAD4}.Release|Any CPU.ActiveCfg = Release|Any CPU
		{79CDAF57-0B5A-4E5A-8A5F-563E1A99EAD4}.Release|Any CPU.Build.0 = Release|Any CPU
		{79CDAF57-0B5A-4E5A-8A5F-563E1A99EAD4}.Release|x86.ActiveCfg = Release|Any CPU
		{79CDAF57-0B5A-4E5A-8A5F-563E1A99EAD4}.Release|x86.Build.0 = Release|Any CPU
		{58F9DBD2-1BD7-425C-B061-A705BF3783DD}.Debug|Any CPU.ActiveCfg = Debug|Any CPU
		{58F9DBD2-1BD7-425C-B061-A705BF3783DD}.Debug|Any CPU.Build.0 = Debug|Any CPU
		{58F9DBD2-1BD7-425C-B061-A705BF3783DD}.Debug|x86.ActiveCfg = Debug|Any CPU
		{58F9DBD2-1BD7-425C-B061-A705BF3783DD}.Debug|x86.Build.0 = Debug|Any CPU
		{58F9DBD2-1BD7-425C-B061-A705BF3783DD}.Release|Any CPU.ActiveCfg = Release|Any CPU
		{58F9DBD2-1BD7-425C-B061-A705BF3783DD}.Release|Any CPU.Build.0 = Release|Any CPU
		{58F9DBD2-1BD7-425C-B061-A705BF3783DD}.Release|x86.ActiveCfg = Release|Any CPU
		{58F9DBD2-1BD7-425C-B061-A705BF3783DD}.Release|x86.Build.0 = Release|Any CPU
		{387E4C64-2864-4759-AD8D-14F618BC4F63}.Debug|Any CPU.ActiveCfg = Debug|x86
		{387E4C64-2864-4759-AD8D-14F618BC4F63}.Debug|Any CPU.Build.0 = Debug|x86
		{387E4C64-2864-4759-AD8D-14F618BC4F63}.Debug|x86.ActiveCfg = Debug|x86
		{387E4C64-2864-4759-AD8D-14F618BC4F63}.Debug|x86.Build.0 = Debug|x86
		{387E4C64-2864-4759-AD8D-14F618BC4F63}.Release|Any CPU.ActiveCfg = Release|x86
		{387E4C64-2864-4759-AD8D-14F618BC4F63}.Release|Any CPU.Build.0 = Release|x86
		{387E4C64-2864-4759-AD8D-14F618BC4F63}.Release|x86.ActiveCfg = Release|x86
		{387E4C64-2864-4759-AD8D-14F618BC4F63}.Release|x86.Build.0 = Release|x86
		{3A1FBC18-9D11-4B6A-AC15-335305B42902}.Debug|Any CPU.ActiveCfg = Debug|x86
		{3A1FBC18-9D11-4B6A-AC15-335305B42902}.Debug|x86.ActiveCfg = Debug|x86
		{3A1FBC18-9D11-4B6A-AC15-335305B42902}.Debug|x86.Build.0 = Debug|x86
		{3A1FBC18-9D11-4B6A-AC15-335305B42902}.Release|Any CPU.ActiveCfg = Release|x86
		{3A1FBC18-9D11-4B6A-AC15-335305B42902}.Release|x86.ActiveCfg = Release|x86
		{3A1FBC18-9D11-4B6A-AC15-335305B42902}.Release|x86.Build.0 = Release|x86
	EndGlobalSection
	GlobalSection(SolutionProperties) = preSolution
		HideSolutionNode = FALSE
	EndGlobalSection
	GlobalSection(ExtensibilityGlobals) = postSolution
		SolutionGuid = {BCFCE077-914B-43D2-995B-0807173EBD0A}
	EndGlobalSection
EndGlobal
